
Microsoft Visual Studio Solution File, Format Version 12.00
# Visual Studio 15
VisualStudioVersion = 15.0.28307.106
MinimumVisualStudioVersion = 10.0.40219.1
Project("{FAE04EC0-301F-11D3-BF4B-00C04F79EFBC}") = "AplicacionesAspNetJS", "AplicacionesAspNetJS\AplicacionesAspNetJS.csproj", "{2C5BEEA0-2269-4159-B0FE-1199763F9AD2}"
EndProject
Global
	GlobalSection(SolutionConfigurationPlatforms) = preSolution
		Debug|Any CPU = Debug|Any CPU
		Release|Any CPU = Release|Any CPU
	EndGlobalSection
	GlobalSection(ProjectConfigurationPlatforms) = postSolution
		{2C5BEEA0-2269-4159-B0FE-1199763F9AD2}.Debug|Any CPU.ActiveCfg = Debug|Any CPU
		{2C5BEEA0-2269-4159-B0FE-1199763F9AD2}.Debug|Any CPU.Build.0 = Debug|Any CPU
		{2C5BEEA0-2269-4159-B0FE-1199763F9AD2}.Release|Any CPU.ActiveCfg = Release|Any CPU
		{2C5BEEA0-2269-4159-B0FE-1199763F9AD2}.Release|Any CPU.Build.0 = Release|Any CPU
	EndGlobalSection
	GlobalSection(SolutionProperties) = preSolution
		HideSolutionNode = FALSE
	EndGlobalSection
	GlobalSection(ExtensibilityGlobals) = postSolution
		SolutionGuid = {DEA3F46D-5A7F-4186-981D-A67B48546ADA}
	EndGlobalSection
EndGlobal
